# This file was autogenerated by Stack.
# You should not edit this file by hand.
# For more information, please see the documentation at:
#   https://docs.haskellstack.org/en/stable/topics/lock_files

packages: []
snapshots:
- completed:
    sha256: 86cf1940e2b98f3b68d3ff4c89c93297180d095361a4da28b8719e899a0669e3
    size: 696393
    url: https://raw.githubusercontent.com/commercialhaskell/stackage-snapshots/master/nightly/2025/9/24.yaml
  original: nightly-2025-09-24
